// !$*UTF8*$!
{
	archiveVersion = 1;
	classes = {
	};
	objectVersion = 56;
	objects = {

/* Begin PBXBuildFile section */
		0A1085AC2C01F30100C09C05 /* Network.swift in Sources */ = {isa = PBXBuildFile; fileRef = 0A1085AB2C01F30100C09C05 /* Network.swift */; };
		0AB9035F2C03D00D007A7BA0 /* CustomAppBar.swift in Sources */ = {isa = PBXBuildFile; fileRef = 0AB9035E2C03D00D007A7BA0 /* CustomAppBar.swift */; };
		0AB903612C03D4C2007A7BA0 /* PopularBrands.swift in Sources */ = {isa = PBXBuildFile; fileRef = 0AB903602C03D4C2007A7BA0 /* PopularBrands.swift */; };
		0AB903632C03D4F7007A7BA0 /* HomeView.swift in Sources */ = {isa = PBXBuildFile; fileRef = 0AB903622C03D4F7007A7BA0 /* HomeView.swift */; };
		0AB903652C03D587007A7BA0 /* BrandCell.swift in Sources */ = {isa = PBXBuildFile; fileRef = 0AB903642C03D587007A7BA0 /* BrandCell.swift */; };
		0AB903672C03DA6F007A7BA0 /* HomeSearchBar.swift in Sources */ = {isa = PBXBuildFile; fileRef = 0AB903662C03DA6F007A7BA0 /* HomeSearchBar.swift */; };
		0AB903692C03E14D007A7BA0 /* BestSeller.swift in Sources */ = {isa = PBXBuildFile; fileRef = 0AB903682C03E14D007A7BA0 /* BestSeller.swift */; };
		0AB9036C2C03E19C007A7BA0 /* UIScreen + Extension.swift in Sources */ = {isa = PBXBuildFile; fileRef = 0AB9036B2C03E19C007A7BA0 /* UIScreen + Extension.swift */; };
		0AB9036E2C03E41F007A7BA0 /* ProductCell.swift in Sources */ = {isa = PBXBuildFile; fileRef = 0AB9036D2C03E41F007A7BA0 /* ProductCell.swift */; };
		0AE062AF2C0B5DE2006D0EBB /* schema.json in Resources */ = {isa = PBXBuildFile; fileRef = 0AE062AE2C0B5DE2006D0EBB /* schema.json */; };
		0AEBDC442C0BC98A00A74187 /* APIServices.swift in Sources */ = {isa = PBXBuildFile; fileRef = 0AEBDC432C0BC98A00A74187 /* APIServices.swift */; };
		0AEBDC4A2C0BC99C00A74187 /* HomeViewModel.swift in Sources */ = {isa = PBXBuildFile; fileRef = 0AEBDC482C0BC99C00A74187 /* HomeViewModel.swift */; };
		0AEBDC4D2C0BC99F00A74187 /* BrandsModel.swift in Sources */ = {isa = PBXBuildFile; fileRef = 0AEBDC4C2C0BC99F00A74187 /* BrandsModel.swift */; };
		562572462C00AA9500B3967B /* CarouselSlider.swift in Sources */ = {isa = PBXBuildFile; fileRef = 562572452C00AA9500B3967B /* CarouselSlider.swift */; };
		5656F04D2C00DA390037AA33 /* AppTabBar.swift in Sources */ = {isa = PBXBuildFile; fileRef = 5656F04C2C00DA390037AA33 /* AppTabBar.swift */; };
		5656F0512C00E6D60037AA33 /* TabBarButton.swift in Sources */ = {isa = PBXBuildFile; fileRef = 5656F0502C00E6D60037AA33 /* TabBarButton.swift */; };
		5699A1D02C010DC7004C6999 /* Apollo in Frameworks */ = {isa = PBXBuildFile; productRef = 5699A1CF2C010DC7004C6999 /* Apollo */; };
		56FE96C02C01174500F425DF /* CartCard.swift in Sources */ = {isa = PBXBuildFile; fileRef = 56FE96BF2C01174500F425DF /* CartCard.swift */; };
		56FE96C22C01265500F425DF /* CartList.swift in Sources */ = {isa = PBXBuildFile; fileRef = 56FE96C12C01265500F425DF /* CartList.swift */; };
		769C03CE2BFD78CE00F7F17C /* Constants.swift in Sources */ = {isa = PBXBuildFile; fileRef = 769C03CD2BFD78CE00F7F17C /* Constants.swift */; };
		769C03D02BFD7E1700F7F17C /* Theme.swift in Sources */ = {isa = PBXBuildFile; fileRef = 769C03CF2BFD7E1700F7F17C /* Theme.swift */; };
		769C64272BFD33B900FD5150 /* SnapShopApp.swift in Sources */ = {isa = PBXBuildFile; fileRef = 769C64262BFD33B900FD5150 /* SnapShopApp.swift */; };
		769C64292BFD33B900FD5150 /* ContentView.swift in Sources */ = {isa = PBXBuildFile; fileRef = 769C64282BFD33B900FD5150 /* ContentView.swift */; };
		769C642B2BFD33BB00FD5150 /* Assets.xcassets in Resources */ = {isa = PBXBuildFile; fileRef = 769C642A2BFD33BB00FD5150 /* Assets.xcassets */; };
		769C642E2BFD33BB00FD5150 /* Preview Assets.xcassets in Resources */ = {isa = PBXBuildFile; fileRef = 769C642D2BFD33BB00FD5150 /* Preview Assets.xcassets */; };
		769C64382BFD33BC00FD5150 /* SnapShopTests.swift in Sources */ = {isa = PBXBuildFile; fileRef = 769C64372BFD33BC00FD5150 /* SnapShopTests.swift */; };
		769C64422BFD33BC00FD5150 /* SnapShopUITests.swift in Sources */ = {isa = PBXBuildFile; fileRef = 769C64412BFD33BC00FD5150 /* SnapShopUITests.swift */; };
		769C64442BFD33BC00FD5150 /* SnapShopUITestsLaunchTests.swift in Sources */ = {isa = PBXBuildFile; fileRef = 769C64432BFD33BC00FD5150 /* SnapShopUITestsLaunchTests.swift */; };
		76A089C02BFD47D7003A3DFF /* AppButton.swift in Sources */ = {isa = PBXBuildFile; fileRef = 76A089BF2BFD47D7003A3DFF /* AppButton.swift */; };
/* End PBXBuildFile section */

/* Begin PBXContainerItemProxy section */
		769C64342BFD33BC00FD5150 /* PBXContainerItemProxy */ = {
			isa = PBXContainerItemProxy;
			containerPortal = 769C641B2BFD33B800FD5150 /* Project object */;
			proxyType = 1;
			remoteGlobalIDString = 769C64222BFD33B900FD5150;
			remoteInfo = SnapShop;
		};
		769C643E2BFD33BC00FD5150 /* PBXContainerItemProxy */ = {
			isa = PBXContainerItemProxy;
			containerPortal = 769C641B2BFD33B800FD5150 /* Project object */;
			proxyType = 1;
			remoteGlobalIDString = 769C64222BFD33B900FD5150;
			remoteInfo = SnapShop;
		};
/* End PBXContainerItemProxy section */

/* Begin PBXFileReference section */
		0A1085AB2C01F30100C09C05 /* Network.swift */ = {isa = PBXFileReference; lastKnownFileType = sourcecode.swift; path = Network.swift; sourceTree = "<group>"; };
		0AB9035E2C03D00D007A7BA0 /* CustomAppBar.swift */ = {isa = PBXFileReference; lastKnownFileType = sourcecode.swift; path = CustomAppBar.swift; sourceTree = "<group>"; };
		0AB903602C03D4C2007A7BA0 /* PopularBrands.swift */ = {isa = PBXFileReference; lastKnownFileType = sourcecode.swift; path = PopularBrands.swift; sourceTree = "<group>"; };
		0AB903622C03D4F7007A7BA0 /* HomeView.swift */ = {isa = PBXFileReference; lastKnownFileType = sourcecode.swift; path = HomeView.swift; sourceTree = "<group>"; };
		0AB903642C03D587007A7BA0 /* BrandCell.swift */ = {isa = PBXFileReference; lastKnownFileType = sourcecode.swift; path = BrandCell.swift; sourceTree = "<group>"; };
		0AB903662C03DA6F007A7BA0 /* HomeSearchBar.swift */ = {isa = PBXFileReference; lastKnownFileType = sourcecode.swift; path = HomeSearchBar.swift; sourceTree = "<group>"; };
		0AB903682C03E14D007A7BA0 /* BestSeller.swift */ = {isa = PBXFileReference; lastKnownFileType = sourcecode.swift; path = BestSeller.swift; sourceTree = "<group>"; };
		0AB9036B2C03E19C007A7BA0 /* UIScreen + Extension.swift */ = {isa = PBXFileReference; lastKnownFileType = sourcecode.swift; path = "UIScreen + Extension.swift"; sourceTree = "<group>"; };
		0AB9036D2C03E41F007A7BA0 /* ProductCell.swift */ = {isa = PBXFileReference; lastKnownFileType = sourcecode.swift; path = ProductCell.swift; sourceTree = "<group>"; };
		0AE062AE2C0B5DE2006D0EBB /* schema.json */ = {isa = PBXFileReference; lastKnownFileType = text.json; path = schema.json; sourceTree = "<group>"; };
		0AEBDC432C0BC98A00A74187 /* APIServices.swift */ = {isa = PBXFileReference; fileEncoding = 4; lastKnownFileType = sourcecode.swift; name = APIServices.swift; path = ../../../../../SnapShop/SnapShop/SnapShop/Services/APIServices.swift; sourceTree = "<group>"; };
		0AEBDC482C0BC99C00A74187 /* HomeViewModel.swift */ = {isa = PBXFileReference; fileEncoding = 4; lastKnownFileType = sourcecode.swift; path = HomeViewModel.swift; sourceTree = "<group>"; };
		0AEBDC4C2C0BC99F00A74187 /* BrandsModel.swift */ = {isa = PBXFileReference; lastKnownFileType = sourcecode.swift; path = BrandsModel.swift; sourceTree = "<group>"; };
		562572452C00AA9500B3967B /* CarouselSlider.swift */ = {isa = PBXFileReference; lastKnownFileType = sourcecode.swift; path = CarouselSlider.swift; sourceTree = "<group>"; };
		5656F04C2C00DA390037AA33 /* AppTabBar.swift */ = {isa = PBXFileReference; lastKnownFileType = sourcecode.swift; path = AppTabBar.swift; sourceTree = "<group>"; };
		5656F0502C00E6D60037AA33 /* TabBarButton.swift */ = {isa = PBXFileReference; lastKnownFileType = sourcecode.swift; path = TabBarButton.swift; sourceTree = "<group>"; };
		56FE96BF2C01174500F425DF /* CartCard.swift */ = {isa = PBXFileReference; lastKnownFileType = sourcecode.swift; path = CartCard.swift; sourceTree = "<group>"; };
		56FE96C12C01265500F425DF /* CartList.swift */ = {isa = PBXFileReference; lastKnownFileType = sourcecode.swift; path = CartList.swift; sourceTree = "<group>"; };
		769C03C42BFD6C6600F7F17C /* Info.plist */ = {isa = PBXFileReference; lastKnownFileType = text.plist; path = Info.plist; sourceTree = "<group>"; };
		769C03C62BFD6EDB00F7F17C /* Cairo-Bold.ttf */ = {isa = PBXFileReference; lastKnownFileType = file; name = "Cairo-Bold.ttf"; path = "../../../../../../Downloads/cairo-2/Cairo-Bold.ttf"; sourceTree = "<group>"; };
		769C03C72BFD6EDB00F7F17C /* Cairo-ExtraLight.ttf */ = {isa = PBXFileReference; lastKnownFileType = file; name = "Cairo-ExtraLight.ttf"; path = "../../../../../../Downloads/cairo-2/Cairo-ExtraLight.ttf"; sourceTree = "<group>"; };
		769C03C82BFD6EDB00F7F17C /* Cairo-Regular.ttf */ = {isa = PBXFileReference; lastKnownFileType = file; name = "Cairo-Regular.ttf"; path = "../../../../../../Downloads/cairo-2/Cairo-Regular.ttf"; sourceTree = "<group>"; };
		769C03C92BFD6EDB00F7F17C /* Cairo-SemiBold.ttf */ = {isa = PBXFileReference; lastKnownFileType = file; name = "Cairo-SemiBold.ttf"; path = "../../../../../../Downloads/cairo-2/Cairo-SemiBold.ttf"; sourceTree = "<group>"; };
		769C03CA2BFD6EDB00F7F17C /* Cairo-Black.ttf */ = {isa = PBXFileReference; lastKnownFileType = file; name = "Cairo-Black.ttf"; path = "../../../../../../Downloads/cairo-2/Cairo-Black.ttf"; sourceTree = "<group>"; };
		769C03CB2BFD6EDB00F7F17C /* Cairo-Light.ttf */ = {isa = PBXFileReference; lastKnownFileType = file; name = "Cairo-Light.ttf"; path = "../../../../../../Downloads/cairo-2/Cairo-Light.ttf"; sourceTree = "<group>"; };
		769C03CD2BFD78CE00F7F17C /* Constants.swift */ = {isa = PBXFileReference; lastKnownFileType = sourcecode.swift; path = Constants.swift; sourceTree = "<group>"; };
		769C03CF2BFD7E1700F7F17C /* Theme.swift */ = {isa = PBXFileReference; lastKnownFileType = sourcecode.swift; path = Theme.swift; sourceTree = "<group>"; };
		769C64232BFD33B900FD5150 /* SnapShop.app */ = {isa = PBXFileReference; explicitFileType = wrapper.application; includeInIndex = 0; path = SnapShop.app; sourceTree = BUILT_PRODUCTS_DIR; };
		769C64262BFD33B900FD5150 /* SnapShopApp.swift */ = {isa = PBXFileReference; lastKnownFileType = sourcecode.swift; path = SnapShopApp.swift; sourceTree = "<group>"; };
		769C64282BFD33B900FD5150 /* ContentView.swift */ = {isa = PBXFileReference; lastKnownFileType = sourcecode.swift; path = ContentView.swift; sourceTree = "<group>"; };
		769C642A2BFD33BB00FD5150 /* Assets.xcassets */ = {isa = PBXFileReference; lastKnownFileType = folder.assetcatalog; path = Assets.xcassets; sourceTree = "<group>"; };
		769C642D2BFD33BB00FD5150 /* Preview Assets.xcassets */ = {isa = PBXFileReference; lastKnownFileType = folder.assetcatalog; path = "Preview Assets.xcassets"; sourceTree = "<group>"; };
		769C64332BFD33BC00FD5150 /* SnapShopTests.xctest */ = {isa = PBXFileReference; explicitFileType = wrapper.cfbundle; includeInIndex = 0; path = SnapShopTests.xctest; sourceTree = BUILT_PRODUCTS_DIR; };
		769C64372BFD33BC00FD5150 /* SnapShopTests.swift */ = {isa = PBXFileReference; lastKnownFileType = sourcecode.swift; path = SnapShopTests.swift; sourceTree = "<group>"; };
		769C643D2BFD33BC00FD5150 /* SnapShopUITests.xctest */ = {isa = PBXFileReference; explicitFileType = wrapper.cfbundle; includeInIndex = 0; path = SnapShopUITests.xctest; sourceTree = BUILT_PRODUCTS_DIR; };
		769C64412BFD33BC00FD5150 /* SnapShopUITests.swift */ = {isa = PBXFileReference; lastKnownFileType = sourcecode.swift; path = SnapShopUITests.swift; sourceTree = "<group>"; };
		769C64432BFD33BC00FD5150 /* SnapShopUITestsLaunchTests.swift */ = {isa = PBXFileReference; lastKnownFileType = sourcecode.swift; path = SnapShopUITestsLaunchTests.swift; sourceTree = "<group>"; };
		76A089BF2BFD47D7003A3DFF /* AppButton.swift */ = {isa = PBXFileReference; lastKnownFileType = sourcecode.swift; path = AppButton.swift; sourceTree = "<group>"; };
/* End PBXFileReference section */

/* Begin PBXFrameworksBuildPhase section */
		769C64202BFD33B900FD5150 /* Frameworks */ = {
			isa = PBXFrameworksBuildPhase;
			buildActionMask = 2147483647;
			files = (
				5699A1D02C010DC7004C6999 /* Apollo in Frameworks */,
			);
			runOnlyForDeploymentPostprocessing = 0;
		};
		769C64302BFD33BC00FD5150 /* Frameworks */ = {
			isa = PBXFrameworksBuildPhase;
			buildActionMask = 2147483647;
			files = (
			);
			runOnlyForDeploymentPostprocessing = 0;
		};
		769C643A2BFD33BC00FD5150 /* Frameworks */ = {
			isa = PBXFrameworksBuildPhase;
			buildActionMask = 2147483647;
			files = (
			);
			runOnlyForDeploymentPostprocessing = 0;
		};
/* End PBXFrameworksBuildPhase section */

/* Begin PBXGroup section */
		0A1085AA2C01F2D900C09C05 /* Services */ = {
			isa = PBXGroup;
			children = (
				0A1085AB2C01F30100C09C05 /* Network.swift */,
				0AEBDC432C0BC98A00A74187 /* APIServices.swift */,
			);
			path = Services;
			sourceTree = "<group>";
		};
		0AB9035A2C03CE88007A7BA0 /* View */ = {
			isa = PBXGroup;
			children = (
				0AB9035D2C03CECB007A7BA0 /* Home */,
			);
			path = View;
			sourceTree = "<group>";
		};
		0AB9035D2C03CECB007A7BA0 /* Home */ = {
			isa = PBXGroup;
			children = (
				0AB903602C03D4C2007A7BA0 /* PopularBrands.swift */,
				0AB903622C03D4F7007A7BA0 /* HomeView.swift */,
				0AB903642C03D587007A7BA0 /* BrandCell.swift */,
				0AB903662C03DA6F007A7BA0 /* HomeSearchBar.swift */,
				0AB903682C03E14D007A7BA0 /* BestSeller.swift */,
				0AB9036D2C03E41F007A7BA0 /* ProductCell.swift */,
			);
			path = Home;
			sourceTree = "<group>";
		};
		0AB9036A2C03E166007A7BA0 /* Extensions */ = {
			isa = PBXGroup;
			children = (
				0AB9036B2C03E19C007A7BA0 /* UIScreen + Extension.swift */,
			);
			path = Extensions;
			sourceTree = "<group>";
		};
		0AE062A32C0B5B6C006D0EBB /* Schemas */ = {
			isa = PBXGroup;
			children = (
				0AE062AE2C0B5DE2006D0EBB /* schema.json */,
			);
			path = Schemas;
			sourceTree = "<group>";
		};
		0AEBDC492C0BC99C00A74187 /* ViewModels */ = {
			isa = PBXGroup;
			children = (
				0AEBDC482C0BC99C00A74187 /* HomeViewModel.swift */,
			);
			name = ViewModels;
			path = ../../../../SnapShop/SnapShop/SnapShop/ViewModels;
			sourceTree = "<group>";
		};
		0AEBDC4B2C0BC99F00A74187 /* Models */ = {
			isa = PBXGroup;
			children = (
				0AEBDC4C2C0BC99F00A74187 /* BrandsModel.swift */,
			);
			path = Models;
			sourceTree = "<group>";
		};
		5656F04B2C00D9E30037AA33 /* CustomTabBar */ = {
			isa = PBXGroup;
			children = (
				5656F04C2C00DA390037AA33 /* AppTabBar.swift */,
				5656F0502C00E6D60037AA33 /* TabBarButton.swift */,
			);
			path = CustomTabBar;
			sourceTree = "<group>";
		};
		5699A1CE2C010DC7004C6999 /* Frameworks */ = {
			isa = PBXGroup;
			children = (
			);
			name = Frameworks;
			sourceTree = "<group>";
		};
		765AD9CE2BFE24710084EE1A /* CustomUI */ = {
			isa = PBXGroup;
			children = (
				76A089BF2BFD47D7003A3DFF /* AppButton.swift */,
				562572452C00AA9500B3967B /* CarouselSlider.swift */,
				0AB9035E2C03D00D007A7BA0 /* CustomAppBar.swift */,
			);
			path = CustomUI;
			sourceTree = "<group>";
		};
		769C03C52BFD6D0300F7F17C /* Fonts */ = {
			isa = PBXGroup;
			children = (
				769C03CA2BFD6EDB00F7F17C /* Cairo-Black.ttf */,
				769C03C62BFD6EDB00F7F17C /* Cairo-Bold.ttf */,
				769C03C72BFD6EDB00F7F17C /* Cairo-ExtraLight.ttf */,
				769C03CB2BFD6EDB00F7F17C /* Cairo-Light.ttf */,
				769C03C82BFD6EDB00F7F17C /* Cairo-Regular.ttf */,
				769C03C92BFD6EDB00F7F17C /* Cairo-SemiBold.ttf */,
			);
			path = Fonts;
			sourceTree = "<group>";
		};
		769C03CC2BFD78A400F7F17C /* Core */ = {
			isa = PBXGroup;
			children = (
				5656F04B2C00D9E30037AA33 /* CustomTabBar */,
				765AD9CE2BFE24710084EE1A /* CustomUI */,
				769C03C52BFD6D0300F7F17C /* Fonts */,
				769C03CD2BFD78CE00F7F17C /* Constants.swift */,
				769C03CF2BFD7E1700F7F17C /* Theme.swift */,
			);
			path = Core;
			sourceTree = "<group>";
		};
		769C641A2BFD33B800FD5150 = {
			isa = PBXGroup;
			children = (
				769C64252BFD33B900FD5150 /* SnapShop */,
				769C64362BFD33BC00FD5150 /* SnapShopTests */,
				769C64402BFD33BC00FD5150 /* SnapShopUITests */,
				769C64242BFD33B900FD5150 /* Products */,
				5699A1CE2C010DC7004C6999 /* Frameworks */,
			);
			sourceTree = "<group>";
		};
		769C64242BFD33B900FD5150 /* Products */ = {
			isa = PBXGroup;
			children = (
				769C64232BFD33B900FD5150 /* SnapShop.app */,
				769C64332BFD33BC00FD5150 /* SnapShopTests.xctest */,
				769C643D2BFD33BC00FD5150 /* SnapShopUITests.xctest */,
			);
			name = Products;
			sourceTree = "<group>";
		};
		769C64252BFD33B900FD5150 /* SnapShop */ = {
			isa = PBXGroup;
			children = (
				0AEBDC4B2C0BC99F00A74187 /* Models */,
				0AEBDC492C0BC99C00A74187 /* ViewModels */,
				0AE062A32C0B5B6C006D0EBB /* Schemas */,
				0AB9036A2C03E166007A7BA0 /* Extensions */,
				0AB9035A2C03CE88007A7BA0 /* View */,
				0A1085AA2C01F2D900C09C05 /* Services */,
				769C03CC2BFD78A400F7F17C /* Core */,
				769C03C42BFD6C6600F7F17C /* Info.plist */,
				769C64262BFD33B900FD5150 /* SnapShopApp.swift */,
				769C64282BFD33B900FD5150 /* ContentView.swift */,
				769C642A2BFD33BB00FD5150 /* Assets.xcassets */,
				769C642C2BFD33BB00FD5150 /* Preview Content */,
				56FE96BF2C01174500F425DF /* CartCard.swift */,
				56FE96C12C01265500F425DF /* CartList.swift */,
			);
			path = SnapShop;
			sourceTree = "<group>";
		};
		769C642C2BFD33BB00FD5150 /* Preview Content */ = {
			isa = PBXGroup;
			children = (
				769C642D2BFD33BB00FD5150 /* Preview Assets.xcassets */,
			);
			path = "Preview Content";
			sourceTree = "<group>";
		};
		769C64362BFD33BC00FD5150 /* SnapShopTests */ = {
			isa = PBXGroup;
			children = (
				769C64372BFD33BC00FD5150 /* SnapShopTests.swift */,
			);
			path = SnapShopTests;
			sourceTree = "<group>";
		};
		769C64402BFD33BC00FD5150 /* SnapShopUITests */ = {
			isa = PBXGroup;
			children = (
				769C64412BFD33BC00FD5150 /* SnapShopUITests.swift */,
				769C64432BFD33BC00FD5150 /* SnapShopUITestsLaunchTests.swift */,
			);
			path = SnapShopUITests;
			sourceTree = "<group>";
		};
/* End PBXGroup section */

/* Begin PBXNativeTarget section */
		769C64222BFD33B900FD5150 /* SnapShop */ = {
			isa = PBXNativeTarget;
			buildConfigurationList = 769C64472BFD33BC00FD5150 /* Build configuration list for PBXNativeTarget "SnapShop" */;
			buildPhases = (
				769C641F2BFD33B900FD5150 /* Sources */,
				769C64202BFD33B900FD5150 /* Frameworks */,
				769C64212BFD33B900FD5150 /* Resources */,
			);
			buildRules = (
			);
			dependencies = (
			);
			name = SnapShop;
			packageProductDependencies = (
				5699A1CF2C010DC7004C6999 /* Apollo */,
			);
			productName = SnapShop;
			productReference = 769C64232BFD33B900FD5150 /* SnapShop.app */;
			productType = "com.apple.product-type.application";
		};
		769C64322BFD33BC00FD5150 /* SnapShopTests */ = {
			isa = PBXNativeTarget;
			buildConfigurationList = 769C644A2BFD33BC00FD5150 /* Build configuration list for PBXNativeTarget "SnapShopTests" */;
			buildPhases = (
				769C642F2BFD33BC00FD5150 /* Sources */,
				769C64302BFD33BC00FD5150 /* Frameworks */,
				769C64312BFD33BC00FD5150 /* Resources */,
			);
			buildRules = (
			);
			dependencies = (
				769C64352BFD33BC00FD5150 /* PBXTargetDependency */,
			);
			name = SnapShopTests;
			productName = SnapShopTests;
			productReference = 769C64332BFD33BC00FD5150 /* SnapShopTests.xctest */;
			productType = "com.apple.product-type.bundle.unit-test";
		};
		769C643C2BFD33BC00FD5150 /* SnapShopUITests */ = {
			isa = PBXNativeTarget;
			buildConfigurationList = 769C644D2BFD33BC00FD5150 /* Build configuration list for PBXNativeTarget "SnapShopUITests" */;
			buildPhases = (
				769C64392BFD33BC00FD5150 /* Sources */,
				769C643A2BFD33BC00FD5150 /* Frameworks */,
				769C643B2BFD33BC00FD5150 /* Resources */,
			);
			buildRules = (
			);
			dependencies = (
				769C643F2BFD33BC00FD5150 /* PBXTargetDependency */,
			);
			name = SnapShopUITests;
			productName = SnapShopUITests;
			productReference = 769C643D2BFD33BC00FD5150 /* SnapShopUITests.xctest */;
			productType = "com.apple.product-type.bundle.ui-testing";
		};
/* End PBXNativeTarget section */

/* Begin PBXProject section */
		769C641B2BFD33B800FD5150 /* Project object */ = {
			isa = PBXProject;
			attributes = {
				BuildIndependentTargetsInParallel = 1;
				LastSwiftUpdateCheck = 1520;
				LastUpgradeCheck = 1520;
				TargetAttributes = {
					769C64222BFD33B900FD5150 = {
						CreatedOnToolsVersion = 15.2;
					};
					769C64322BFD33BC00FD5150 = {
						CreatedOnToolsVersion = 15.2;
						TestTargetID = 769C64222BFD33B900FD5150;
					};
					769C643C2BFD33BC00FD5150 = {
						CreatedOnToolsVersion = 15.2;
						TestTargetID = 769C64222BFD33B900FD5150;
					};
				};
			};
			buildConfigurationList = 769C641E2BFD33B800FD5150 /* Build configuration list for PBXProject "SnapShop" */;
			compatibilityVersion = "Xcode 14.0";
			developmentRegion = en;
			hasScannedForEncodings = 0;
			knownRegions = (
				en,
				Base,
			);
			mainGroup = 769C641A2BFD33B800FD5150;
			packageReferences = (
				5699A1C12C00FF1A004C6999 /* XCRemoteSwiftPackageReference "apollo-ios" */,
			);
			productRefGroup = 769C64242BFD33B900FD5150 /* Products */;
			projectDirPath = "";
			projectRoot = "";
			targets = (
				769C64222BFD33B900FD5150 /* SnapShop */,
				769C64322BFD33BC00FD5150 /* SnapShopTests */,
				769C643C2BFD33BC00FD5150 /* SnapShopUITests */,
			);
		};
/* End PBXProject section */

/* Begin PBXResourcesBuildPhase section */
		769C64212BFD33B900FD5150 /* Resources */ = {
			isa = PBXResourcesBuildPhase;
			buildActionMask = 2147483647;
			files = (
				0AE062AF2C0B5DE2006D0EBB /* schema.json in Resources */,
				769C642E2BFD33BB00FD5150 /* Preview Assets.xcassets in Resources */,
				769C642B2BFD33BB00FD5150 /* Assets.xcassets in Resources */,
			);
			runOnlyForDeploymentPostprocessing = 0;
		};
		769C64312BFD33BC00FD5150 /* Resources */ = {
			isa = PBXResourcesBuildPhase;
			buildActionMask = 2147483647;
			files = (
			);
			runOnlyForDeploymentPostprocessing = 0;
		};
		769C643B2BFD33BC00FD5150 /* Resources */ = {
			isa = PBXResourcesBuildPhase;
			buildActionMask = 2147483647;
			files = (
			);
			runOnlyForDeploymentPostprocessing = 0;
		};
/* End PBXResourcesBuildPhase section */

/* Begin PBXSourcesBuildPhase section */
		769C641F2BFD33B900FD5150 /* Sources */ = {
			isa = PBXSourcesBuildPhase;
			buildActionMask = 2147483647;
			files = (
				5656F04D2C00DA390037AA33 /* AppTabBar.swift in Sources */,
				0AEBDC4A2C0BC99C00A74187 /* HomeViewModel.swift in Sources */,
				0AB9036E2C03E41F007A7BA0 /* ProductCell.swift in Sources */,
				76A089C02BFD47D7003A3DFF /* AppButton.swift in Sources */,
				0AB903672C03DA6F007A7BA0 /* HomeSearchBar.swift in Sources */,
				769C64292BFD33B900FD5150 /* ContentView.swift in Sources */,
				0AB903652C03D587007A7BA0 /* BrandCell.swift in Sources */,
				0AB9035F2C03D00D007A7BA0 /* CustomAppBar.swift in Sources */,
				0AEBDC4D2C0BC99F00A74187 /* BrandsModel.swift in Sources */,
				0A1085AC2C01F30100C09C05 /* Network.swift in Sources */,
				56FE96C22C01265500F425DF /* CartList.swift in Sources */,
				769C03D02BFD7E1700F7F17C /* Theme.swift in Sources */,
				769C64272BFD33B900FD5150 /* SnapShopApp.swift in Sources */,
				5656F0512C00E6D60037AA33 /* TabBarButton.swift in Sources */,
				0AB9036C2C03E19C007A7BA0 /* UIScreen + Extension.swift in Sources */,
				56FE96C02C01174500F425DF /* CartCard.swift in Sources */,
				0AEBDC442C0BC98A00A74187 /* APIServices.swift in Sources */,
				562572462C00AA9500B3967B /* CarouselSlider.swift in Sources */,
				0AB903612C03D4C2007A7BA0 /* PopularBrands.swift in Sources */,
				0AB903692C03E14D007A7BA0 /* BestSeller.swift in Sources */,
				769C03CE2BFD78CE00F7F17C /* Constants.swift in Sources */,
				0AB903632C03D4F7007A7BA0 /* HomeView.swift in Sources */,
			);
			runOnlyForDeploymentPostprocessing = 0;
		};
		769C642F2BFD33BC00FD5150 /* Sources */ = {
			isa = PBXSourcesBuildPhase;
			buildActionMask = 2147483647;
			files = (
				769C64382BFD33BC00FD5150 /* SnapShopTests.swift in Sources */,
			);
			runOnlyForDeploymentPostprocessing = 0;
		};
		769C64392BFD33BC00FD5150 /* Sources */ = {
			isa = PBXSourcesBuildPhase;
			buildActionMask = 2147483647;
			files = (
				769C64442BFD33BC00FD5150 /* SnapShopUITestsLaunchTests.swift in Sources */,
				769C64422BFD33BC00FD5150 /* SnapShopUITests.swift in Sources */,
			);
			runOnlyForDeploymentPostprocessing = 0;
		};
/* End PBXSourcesBuildPhase section */

/* Begin PBXTargetDependency section */
		769C64352BFD33BC00FD5150 /* PBXTargetDependency */ = {
			isa = PBXTargetDependency;
			target = 769C64222BFD33B900FD5150 /* SnapShop */;
			targetProxy = 769C64342BFD33BC00FD5150 /* PBXContainerItemProxy */;
		};
		769C643F2BFD33BC00FD5150 /* PBXTargetDependency */ = {
			isa = PBXTargetDependency;
			target = 769C64222BFD33B900FD5150 /* SnapShop */;
			targetProxy = 769C643E2BFD33BC00FD5150 /* PBXContainerItemProxy */;
		};
/* End PBXTargetDependency section */

/* Begin XCBuildConfiguration section */
		769C64452BFD33BC00FD5150 /* Debug */ = {
			isa = XCBuildConfiguration;
			buildSettings = {
				ALWAYS_SEARCH_USER_PATHS = NO;
				ASSETCATALOG_COMPILER_GENERATE_SWIFT_ASSET_SYMBOL_EXTENSIONS = YES;
				CLANG_ANALYZER_NONNULL = YES;
				CLANG_ANALYZER_NUMBER_OBJECT_CONVERSION = YES_AGGRESSIVE;
				CLANG_CXX_LANGUAGE_STANDARD = "gnu++20";
				CLANG_ENABLE_MODULES = YES;
				CLANG_ENABLE_OBJC_ARC = YES;
				CLANG_ENABLE_OBJC_WEAK = YES;
				CLANG_WARN_BLOCK_CAPTURE_AUTORELEASING = YES;
				CLANG_WARN_BOOL_CONVERSION = YES;
				CLANG_WARN_COMMA = YES;
				CLANG_WARN_CONSTANT_CONVERSION = YES;
				CLANG_WARN_DEPRECATED_OBJC_IMPLEMENTATIONS = YES;
				CLANG_WARN_DIRECT_OBJC_ISA_USAGE = YES_ERROR;
				CLANG_WARN_DOCUMENTATION_COMMENTS = YES;
				CLANG_WARN_EMPTY_BODY = YES;
				CLANG_WARN_ENUM_CONVERSION = YES;
				CLANG_WARN_INFINITE_RECURSION = YES;
				CLANG_WARN_INT_CONVERSION = YES;
				CLANG_WARN_NON_LITERAL_NULL_CONVERSION = YES;
				CLANG_WARN_OBJC_IMPLICIT_RETAIN_SELF = YES;
				CLANG_WARN_OBJC_LITERAL_CONVERSION = YES;
				CLANG_WARN_OBJC_ROOT_CLASS = YES_ERROR;
				CLANG_WARN_QUOTED_INCLUDE_IN_FRAMEWORK_HEADER = YES;
				CLANG_WARN_RANGE_LOOP_ANALYSIS = YES;
				CLANG_WARN_STRICT_PROTOTYPES = YES;
				CLANG_WARN_SUSPICIOUS_MOVE = YES;
				CLANG_WARN_UNGUARDED_AVAILABILITY = YES_AGGRESSIVE;
				CLANG_WARN_UNREACHABLE_CODE = YES;
				CLANG_WARN__DUPLICATE_METHOD_MATCH = YES;
				COPY_PHASE_STRIP = NO;
				DEBUG_INFORMATION_FORMAT = dwarf;
				ENABLE_STRICT_OBJC_MSGSEND = YES;
				ENABLE_TESTABILITY = YES;
				ENABLE_USER_SCRIPT_SANDBOXING = YES;
				GCC_C_LANGUAGE_STANDARD = gnu17;
				GCC_DYNAMIC_NO_PIC = NO;
				GCC_NO_COMMON_BLOCKS = YES;
				GCC_OPTIMIZATION_LEVEL = 0;
				GCC_PREPROCESSOR_DEFINITIONS = (
					"DEBUG=1",
					"$(inherited)",
				);
				GCC_WARN_64_TO_32_BIT_CONVERSION = YES;
				GCC_WARN_ABOUT_RETURN_TYPE = YES_ERROR;
				GCC_WARN_UNDECLARED_SELECTOR = YES;
				GCC_WARN_UNINITIALIZED_AUTOS = YES_AGGRESSIVE;
				GCC_WARN_UNUSED_FUNCTION = YES;
				GCC_WARN_UNUSED_VARIABLE = YES;
				IPHONEOS_DEPLOYMENT_TARGET = 17.2;
				LOCALIZATION_PREFERS_STRING_CATALOGS = YES;
				MTL_ENABLE_DEBUG_INFO = INCLUDE_SOURCE;
				MTL_FAST_MATH = YES;
				ONLY_ACTIVE_ARCH = YES;
				SDKROOT = iphoneos;
				SWIFT_ACTIVE_COMPILATION_CONDITIONS = "DEBUG $(inherited)";
				SWIFT_OPTIMIZATION_LEVEL = "-Onone";
			};
			name = Debug;
		};
		769C64462BFD33BC00FD5150 /* Release */ = {
			isa = XCBuildConfiguration;
			buildSettings = {
				ALWAYS_SEARCH_USER_PATHS = NO;
				ASSETCATALOG_COMPILER_GENERATE_SWIFT_ASSET_SYMBOL_EXTENSIONS = YES;
				CLANG_ANALYZER_NONNULL = YES;
				CLANG_ANALYZER_NUMBER_OBJECT_CONVERSION = YES_AGGRESSIVE;
				CLANG_CXX_LANGUAGE_STANDARD = "gnu++20";
				CLANG_ENABLE_MODULES = YES;
				CLANG_ENABLE_OBJC_ARC = YES;
				CLANG_ENABLE_OBJC_WEAK = YES;
				CLANG_WARN_BLOCK_CAPTURE_AUTORELEASING = YES;
				CLANG_WARN_BOOL_CONVERSION = YES;
				CLANG_WARN_COMMA = YES;
				CLANG_WARN_CONSTANT_CONVERSION = YES;
				CLANG_WARN_DEPRECATED_OBJC_IMPLEMENTATIONS = YES;
				CLANG_WARN_DIRECT_OBJC_ISA_USAGE = YES_ERROR;
				CLANG_WARN_DOCUMENTATION_COMMENTS = YES;
				CLANG_WARN_EMPTY_BODY = YES;
				CLANG_WARN_ENUM_CONVERSION = YES;
				CLANG_WARN_INFINITE_RECURSION = YES;
				CLANG_WARN_INT_CONVERSION = YES;
				CLANG_WARN_NON_LITERAL_NULL_CONVERSION = YES;
				CLANG_WARN_OBJC_IMPLICIT_RETAIN_SELF = YES;
				CLANG_WARN_OBJC_LITERAL_CONVERSION = YES;
				CLANG_WARN_OBJC_ROOT_CLASS = YES_ERROR;
				CLANG_WARN_QUOTED_INCLUDE_IN_FRAMEWORK_HEADER = YES;
				CLANG_WARN_RANGE_LOOP_ANALYSIS = YES;
				CLANG_WARN_STRICT_PROTOTYPES = YES;
				CLANG_WARN_SUSPICIOUS_MOVE = YES;
				CLANG_WARN_UNGUARDED_AVAILABILITY = YES_AGGRESSIVE;
				CLANG_WARN_UNREACHABLE_CODE = YES;
				CLANG_WARN__DUPLICATE_METHOD_MATCH = YES;
				COPY_PHASE_STRIP = NO;
				DEBUG_INFORMATION_FORMAT = "dwarf-with-dsym";
				ENABLE_NS_ASSERTIONS = NO;
				ENABLE_STRICT_OBJC_MSGSEND = YES;
				ENABLE_USER_SCRIPT_SANDBOXING = YES;
				GCC_C_LANGUAGE_STANDARD = gnu17;
				GCC_NO_COMMON_BLOCKS = YES;
				GCC_WARN_64_TO_32_BIT_CONVERSION = YES;
				GCC_WARN_ABOUT_RETURN_TYPE = YES_ERROR;
				GCC_WARN_UNDECLARED_SELECTOR = YES;
				GCC_WARN_UNINITIALIZED_AUTOS = YES_AGGRESSIVE;
				GCC_WARN_UNUSED_FUNCTION = YES;
				GCC_WARN_UNUSED_VARIABLE = YES;
				IPHONEOS_DEPLOYMENT_TARGET = 17.2;
				LOCALIZATION_PREFERS_STRING_CATALOGS = YES;
				MTL_ENABLE_DEBUG_INFO = NO;
				MTL_FAST_MATH = YES;
				SDKROOT = iphoneos;
				SWIFT_COMPILATION_MODE = wholemodule;
				VALIDATE_PRODUCT = YES;
			};
			name = Release;
		};
		769C64482BFD33BC00FD5150 /* Debug */ = {
			isa = XCBuildConfiguration;
			buildSettings = {
				ASSETCATALOG_COMPILER_APPICON_NAME = AppIcon;
				ASSETCATALOG_COMPILER_GLOBAL_ACCENT_COLOR_NAME = AccentColor;
				CODE_SIGN_STYLE = Automatic;
				CURRENT_PROJECT_VERSION = 1;
				DEVELOPMENT_ASSET_PATHS = "\"SnapShop/Preview Content\"";
				ENABLE_PREVIEWS = YES;
				GENERATE_INFOPLIST_FILE = YES;
				INFOPLIST_FILE = SnapShop/Info.plist;
				INFOPLIST_KEY_LSApplicationCategoryType = "";
				INFOPLIST_KEY_UIApplicationSceneManifest_Generation = YES;
				INFOPLIST_KEY_UIApplicationSupportsIndirectInputEvents = YES;
				INFOPLIST_KEY_UILaunchScreen_Generation = YES;
				INFOPLIST_KEY_UISupportedInterfaceOrientations_iPad = "UIInterfaceOrientationPortrait UIInterfaceOrientationPortraitUpsideDown UIInterfaceOrientationLandscapeLeft UIInterfaceOrientationLandscapeRight";
				INFOPLIST_KEY_UISupportedInterfaceOrientations_iPhone = "UIInterfaceOrientationPortrait UIInterfaceOrientationLandscapeLeft UIInterfaceOrientationLandscapeRight";
				IPHONEOS_DEPLOYMENT_TARGET = 16.2;
				LD_RUNPATH_SEARCH_PATHS = (
					"$(inherited)",
					"@executable_path/Frameworks",
				);
				MARKETING_VERSION = 1.0;
				PRODUCT_BUNDLE_IDENTIFIER = iTi.SnapShop;
				PRODUCT_NAME = "$(TARGET_NAME)";
				SWIFT_EMIT_LOC_STRINGS = YES;
				SWIFT_VERSION = 5.0;
				TARGETED_DEVICE_FAMILY = "1,2";
			};
			name = Debug;
		};
		769C64492BFD33BC00FD5150 /* Release */ = {
			isa = XCBuildConfiguration;
			buildSettings = {
				ASSETCATALOG_COMPILER_APPICON_NAME = AppIcon;
				ASSETCATALOG_COMPILER_GLOBAL_ACCENT_COLOR_NAME = AccentColor;
				CODE_SIGN_STYLE = Automatic;
				CURRENT_PROJECT_VERSION = 1;
				DEVELOPMENT_ASSET_PATHS = "\"SnapShop/Preview Content\"";
				ENABLE_PREVIEWS = YES;
				GENERATE_INFOPLIST_FILE = YES;
				INFOPLIST_FILE = SnapShop/Info.plist;
				INFOPLIST_KEY_LSApplicationCategoryType = "";
				INFOPLIST_KEY_UIApplicationSceneManifest_Generation = YES;
				INFOPLIST_KEY_UIApplicationSupportsIndirectInputEvents = YES;
				INFOPLIST_KEY_UILaunchScreen_Generation = YES;
				INFOPLIST_KEY_UISupportedInterfaceOrientations_iPad = "UIInterfaceOrientationPortrait UIInterfaceOrientationPortraitUpsideDown UIInterfaceOrientationLandscapeLeft UIInterfaceOrientationLandscapeRight";
				INFOPLIST_KEY_UISupportedInterfaceOrientations_iPhone = "UIInterfaceOrientationPortrait UIInterfaceOrientationLandscapeLeft UIInterfaceOrientationLandscapeRight";
				IPHONEOS_DEPLOYMENT_TARGET = 16.2;
				LD_RUNPATH_SEARCH_PATHS = (
					"$(inherited)",
					"@executable_path/Frameworks",
				);
				MARKETING_VERSION = 1.0;
				PRODUCT_BUNDLE_IDENTIFIER = iTi.SnapShop;
				PRODUCT_NAME = "$(TARGET_NAME)";
				SWIFT_EMIT_LOC_STRINGS = YES;
				SWIFT_VERSION = 5.0;
				TARGETED_DEVICE_FAMILY = "1,2";
			};
			name = Release;
		};
		769C644B2BFD33BC00FD5150 /* Debug */ = {
			isa = XCBuildConfiguration;
			buildSettings = {
				ALWAYS_EMBED_SWIFT_STANDARD_LIBRARIES = YES;
				BUNDLE_LOADER = "$(TEST_HOST)";
				CODE_SIGN_STYLE = Automatic;
				CURRENT_PROJECT_VERSION = 1;
				GENERATE_INFOPLIST_FILE = YES;
				IPHONEOS_DEPLOYMENT_TARGET = 17.2;
				MARKETING_VERSION = 1.0;
				PRODUCT_BUNDLE_IDENTIFIER = iTi.SnapShopTests;
				PRODUCT_NAME = "$(TARGET_NAME)";
				SWIFT_EMIT_LOC_STRINGS = NO;
				SWIFT_VERSION = 5.0;
				TARGETED_DEVICE_FAMILY = "1,2";
				TEST_HOST = "$(BUILT_PRODUCTS_DIR)/SnapShop.app/$(BUNDLE_EXECUTABLE_FOLDER_PATH)/SnapShop";
			};
			name = Debug;
		};
		769C644C2BFD33BC00FD5150 /* Release */ = {
			isa = XCBuildConfiguration;
			buildSettings = {
				ALWAYS_EMBED_SWIFT_STANDARD_LIBRARIES = YES;
				BUNDLE_LOADER = "$(TEST_HOST)";
				CODE_SIGN_STYLE = Automatic;
				CURRENT_PROJECT_VERSION = 1;
				GENERATE_INFOPLIST_FILE = YES;
				IPHONEOS_DEPLOYMENT_TARGET = 17.2;
				MARKETING_VERSION = 1.0;
				PRODUCT_BUNDLE_IDENTIFIER = iTi.SnapShopTests;
				PRODUCT_NAME = "$(TARGET_NAME)";
				SWIFT_EMIT_LOC_STRINGS = NO;
				SWIFT_VERSION = 5.0;
				TARGETED_DEVICE_FAMILY = "1,2";
				TEST_HOST = "$(BUILT_PRODUCTS_DIR)/SnapShop.app/$(BUNDLE_EXECUTABLE_FOLDER_PATH)/SnapShop";
			};
			name = Release;
		};
		769C644E2BFD33BC00FD5150 /* Debug */ = {
			isa = XCBuildConfiguration;
			buildSettings = {
				ALWAYS_EMBED_SWIFT_STANDARD_LIBRARIES = YES;
				CODE_SIGN_STYLE = Automatic;
				CURRENT_PROJECT_VERSION = 1;
				GENERATE_INFOPLIST_FILE = YES;
				MARKETING_VERSION = 1.0;
				PRODUCT_BUNDLE_IDENTIFIER = iTi.SnapShopUITests;
				PRODUCT_NAME = "$(TARGET_NAME)";
				SWIFT_EMIT_LOC_STRINGS = NO;
				SWIFT_VERSION = 5.0;
				TARGETED_DEVICE_FAMILY = "1,2";
				TEST_TARGET_NAME = SnapShop;
			};
			name = Debug;
		};
		769C644F2BFD33BC00FD5150 /* Release */ = {
			isa = XCBuildConfiguration;
			buildSettings = {
				ALWAYS_EMBED_SWIFT_STANDARD_LIBRARIES = YES;
				CODE_SIGN_STYLE = Automatic;
				CURRENT_PROJECT_VERSION = 1;
				GENERATE_INFOPLIST_FILE = YES;
				MARKETING_VERSION = 1.0;
				PRODUCT_BUNDLE_IDENTIFIER = iTi.SnapShopUITests;
				PRODUCT_NAME = "$(TARGET_NAME)";
				SWIFT_EMIT_LOC_STRINGS = NO;
				SWIFT_VERSION = 5.0;
				TARGETED_DEVICE_FAMILY = "1,2";
				TEST_TARGET_NAME = SnapShop;
			};
			name = Release;
		};
/* End XCBuildConfiguration section */

/* Begin XCConfigurationList section */
		769C641E2BFD33B800FD5150 /* Build configuration list for PBXProject "SnapShop" */ = {
			isa = XCConfigurationList;
			buildConfigurations = (
				769C64452BFD33BC00FD5150 /* Debug */,
				769C64462BFD33BC00FD5150 /* Release */,
			);
			defaultConfigurationIsVisible = 0;
			defaultConfigurationName = Release;
		};
		769C64472BFD33BC00FD5150 /* Build configuration list for PBXNativeTarget "SnapShop" */ = {
			isa = XCConfigurationList;
			buildConfigurations = (
				769C64482BFD33BC00FD5150 /* Debug */,
				769C64492BFD33BC00FD5150 /* Release */,
			);
			defaultConfigurationIsVisible = 0;
			defaultConfigurationName = Release;
		};
		769C644A2BFD33BC00FD5150 /* Build configuration list for PBXNativeTarget "SnapShopTests" */ = {
			isa = XCConfigurationList;
			buildConfigurations = (
				769C644B2BFD33BC00FD5150 /* Debug */,
				769C644C2BFD33BC00FD5150 /* Release */,
			);
			defaultConfigurationIsVisible = 0;
			defaultConfigurationName = Release;
		};
		769C644D2BFD33BC00FD5150 /* Build configuration list for PBXNativeTarget "SnapShopUITests" */ = {
			isa = XCConfigurationList;
			buildConfigurations = (
				769C644E2BFD33BC00FD5150 /* Debug */,
				769C644F2BFD33BC00FD5150 /* Release */,
			);
			defaultConfigurationIsVisible = 0;
			defaultConfigurationName = Release;
		};
/* End XCConfigurationList section */

/* Begin XCRemoteSwiftPackageReference section */
		5699A1C12C00FF1A004C6999 /* XCRemoteSwiftPackageReference "apollo-ios" */ = {
			isa = XCRemoteSwiftPackageReference;
			repositoryURL = "https://github.com/apollographql/apollo-ios.git";
			requirement = {
				kind = upToNextMajorVersion;
				minimumVersion = 1.0.0;
			};
		};
/* End XCRemoteSwiftPackageReference section */

/* Begin XCSwiftPackageProductDependency section */
		5699A1CF2C010DC7004C6999 /* Apollo */ = {
			isa = XCSwiftPackageProductDependency;
			package = 5699A1C12C00FF1A004C6999 /* XCRemoteSwiftPackageReference "apollo-ios" */;
			productName = Apollo;
		};
/* End XCSwiftPackageProductDependency section */
	};
	rootObject = 769C641B2BFD33B800FD5150 /* Project object */;
}
